// !$*UTF8*$!
{
	archiveVersion = 1;
	classes = {
	};
	objectVersion = 46;
	objects = {

/* Begin PBXBuildFile section */
		E8B4B64F189F713200CB68F4 /* Foundation.framework in Frameworks */ = {isa = PBXBuildFile; fileRef = E8B4B64E189F713200CB68F4 /* Foundation.framework */; };
		E8B4B651189F713200CB68F4 /* CoreGraphics.framework in Frameworks */ = {isa = PBXBuildFile; fileRef = E8B4B650189F713200CB68F4 /* CoreGraphics.framework */; };
		E8B4B653189F713200CB68F4 /* UIKit.framework in Frameworks */ = {isa = PBXBuildFile; fileRef = E8B4B652189F713200CB68F4 /* UIKit.framework */; };
		E8B4B659189F713200CB68F4 /* InfoPlist.strings in Resources */ = {isa = PBXBuildFile; fileRef = E8B4B657189F713200CB68F4 /* InfoPlist.strings */; };
		E8B4B65B189F713200CB68F4 /* main.m in Sources */ = {isa = PBXBuildFile; fileRef = E8B4B65A189F713200CB68F4 /* main.m */; };
		E8B4B65F189F713200CB68F4 /* NKAppDelegate.m in Sources */ = {isa = PBXBuildFile; fileRef = E8B4B65E189F713200CB68F4 /* NKAppDelegate.m */; };
		E8B4B661189F713200CB68F4 /* Images.xcassets in Resources */ = {isa = PBXBuildFile; fileRef = E8B4B660189F713200CB68F4 /* Images.xcassets */; };
		E8B4B668189F713200CB68F4 /* XCTest.framework in Frameworks */ = {isa = PBXBuildFile; fileRef = E8B4B667189F713200CB68F4 /* XCTest.framework */; };
		E8B4B669189F713200CB68F4 /* Foundation.framework in Frameworks */ = {isa = PBXBuildFile; fileRef = E8B4B64E189F713200CB68F4 /* Foundation.framework */; };
		E8B4B66A189F713200CB68F4 /* UIKit.framework in Frameworks */ = {isa = PBXBuildFile; fileRef = E8B4B652189F713200CB68F4 /* UIKit.framework */; };
		E8B4B672189F713200CB68F4 /* InfoPlist.strings in Resources */ = {isa = PBXBuildFile; fileRef = E8B4B670189F713200CB68F4 /* InfoPlist.strings */; };
		E8B4B674189F713200CB68F4 /* NKPlaygroundTests.m in Sources */ = {isa = PBXBuildFile; fileRef = E8B4B673189F713200CB68F4 /* NKPlaygroundTests.m */; };
/* End PBXBuildFile section */

/* Begin PBXContainerItemProxy section */
		E8B4B66B189F713200CB68F4 /* PBXContainerItemProxy */ = {
			isa = PBXContainerItemProxy;
			containerPortal = E8B4B643189F713200CB68F4 /* Project object */;
			proxyType = 1;
			remoteGlobalIDString = E8B4B64A189F713200CB68F4;
			remoteInfo = NKPlayground;
		};
/* End PBXContainerItemProxy section */

/* Begin PBXFileReference section */
		E8B4B64B189F713200CB68F4 /* NKPlayground.app */ = {isa = PBXFileReference; explicitFileType = wrapper.application; includeInIndex = 0; path = NKPlayground.app; sourceTree = BUILT_PRODUCTS_DIR; };
		E8B4B64E189F713200CB68F4 /* Foundation.framework */ = {isa = PBXFileReference; lastKnownFileType = wrapper.framework; name = Foundation.framework; path = System/Library/Frameworks/Foundation.framework; sourceTree = SDKROOT; };
		E8B4B650189F713200CB68F4 /* CoreGraphics.framework */ = {isa = PBXFileReference; lastKnownFileType = wrapper.framework; name = CoreGraphics.framework; path = System/Library/Frameworks/CoreGraphics.framework; sourceTree = SDKROOT; };
		E8B4B652189F713200CB68F4 /* UIKit.framework */ = {isa = PBXFileReference; lastKnownFileType = wrapper.framework; name = UIKit.framework; path = System/Library/Frameworks/UIKit.framework; sourceTree = SDKROOT; };
		E8B4B656189F713200CB68F4 /* NKPlayground-Info.plist */ = {isa = PBXFileReference; lastKnownFileType = text.plist.xml; path = "NKPlayground-Info.plist"; sourceTree = "<group>"; };
		E8B4B658189F713200CB68F4 /* en */ = {isa = PBXFileReference; lastKnownFileType = text.plist.strings; name = en; path = en.lproj/InfoPlist.strings; sourceTree = "<group>"; };
		E8B4B65A189F713200CB68F4 /* main.m */ = {isa = PBXFileReference; lastKnownFileType = sourcecode.c.objc; path = main.m; sourceTree = "<group>"; };
		E8B4B65C189F713200CB68F4 /* NKPlayground-Prefix.pch */ = {isa = PBXFileReference; lastKnownFileType = sourcecode.c.h; path = "NKPlayground-Prefix.pch"; sourceTree = "<group>"; };
		E8B4B65D189F713200CB68F4 /* NKAppDelegate.h */ = {isa = PBXFileReference; lastKnownFileType = sourcecode.c.h; path = NKAppDelegate.h; sourceTree = "<group>"; };
		E8B4B65E189F713200CB68F4 /* NKAppDelegate.m */ = {isa = PBXFileReference; lastKnownFileType = sourcecode.c.objc; path = NKAppDelegate.m; sourceTree = "<group>"; };
		E8B4B660189F713200CB68F4 /* Images.xcassets */ = {isa = PBXFileReference; lastKnownFileType = folder.assetcatalog; path = Images.xcassets; sourceTree = "<group>"; };
		E8B4B666189F713200CB68F4 /* NKPlaygroundTests.xctest */ = {isa = PBXFileReference; explicitFileType = wrapper.cfbundle; includeInIndex = 0; path = NKPlaygroundTests.xctest; sourceTree = BUILT_PRODUCTS_DIR; };
		E8B4B667189F713200CB68F4 /* XCTest.framework */ = {isa = PBXFileReference; lastKnownFileType = wrapper.framework; name = XCTest.framework; path = Library/Frameworks/XCTest.framework; sourceTree = DEVELOPER_DIR; };
		E8B4B66F189F713200CB68F4 /* NKPlaygroundTests-Info.plist */ = {isa = PBXFileReference; lastKnownFileType = text.plist.xml; path = "NKPlaygroundTests-Info.plist"; sourceTree = "<group>"; };
		E8B4B671189F713200CB68F4 /* en */ = {isa = PBXFileReference; lastKnownFileType = text.plist.strings; name = en; path = en.lproj/InfoPlist.strings; sourceTree = "<group>"; };
		E8B4B673189F713200CB68F4 /* NKPlaygroundTests.m */ = {isa = PBXFileReference; lastKnownFileType = sourcecode.c.objc; path = NKPlaygroundTests.m; sourceTree = "<group>"; };
/* End PBXFileReference section */

/* Begin PBXFrameworksBuildPhase section */
		E8B4B648189F713200CB68F4 /* Frameworks */ = {
			isa = PBXFrameworksBuildPhase;
			buildActionMask = 2147483647;
			files = (
				E8B4B651189F713200CB68F4 /* CoreGraphics.framework in Frameworks */,
				E8B4B653189F713200CB68F4 /* UIKit.framework in Frameworks */,
				E8B4B64F189F713200CB68F4 /* Foundation.framework in Frameworks */,
			);
			runOnlyForDeploymentPostprocessing = 0;
		};
		E8B4B663189F713200CB68F4 /* Frameworks */ = {
			isa = PBXFrameworksBuildPhase;
			buildActionMask = 2147483647;
			files = (
				E8B4B668189F713200CB68F4 /* XCTest.framework in Frameworks */,
				E8B4B66A189F713200CB68F4 /* UIKit.framework in Frameworks */,
				E8B4B669189F713200CB68F4 /* Foundation.framework in Frameworks */,
			);
			runOnlyForDeploymentPostprocessing = 0;
		};
/* End PBXFrameworksBuildPhase section */

/* Begin PBXGroup section */
		E8B4B642189F713200CB68F4 = {
			isa = PBXGroup;
			children = (
				E8B4B654189F713200CB68F4 /* NKPlayground */,
				E8B4B66D189F713200CB68F4 /* NKPlaygroundTests */,
				E8B4B64D189F713200CB68F4 /* Frameworks */,
				E8B4B64C189F713200CB68F4 /* Products */,
			);
			sourceTree = "<group>";
		};
		E8B4B64C189F713200CB68F4 /* Products */ = {
			isa = PBXGroup;
			children = (
				E8B4B64B189F713200CB68F4 /* NKPlayground.app */,
				E8B4B666189F713200CB68F4 /* NKPlaygroundTests.xctest */,
			);
			name = Products;
			sourceTree = "<group>";
		};
		E8B4B64D189F713200CB68F4 /* Frameworks */ = {
			isa = PBXGroup;
			children = (
				E8B4B64E189F713200CB68F4 /* Foundation.framework */,
				E8B4B650189F713200CB68F4 /* CoreGraphics.framework */,
				E8B4B652189F713200CB68F4 /* UIKit.framework */,
				E8B4B667189F713200CB68F4 /* XCTest.framework */,
			);
			name = Frameworks;
			sourceTree = "<group>";
		};
		E8B4B654189F713200CB68F4 /* NKPlayground */ = {
			isa = PBXGroup;
			children = (
				E8B4B65D189F713200CB68F4 /* NKAppDelegate.h */,
				E8B4B65E189F713200CB68F4 /* NKAppDelegate.m */,
				E8B4B660189F713200CB68F4 /* Images.xcassets */,
				E8B4B655189F713200CB68F4 /* Supporting Files */,
			);
			path = NKPlayground;
			sourceTree = "<group>";
		};
		E8B4B655189F713200CB68F4 /* Supporting Files */ = {
			isa = PBXGroup;
			children = (
				E8B4B656189F713200CB68F4 /* NKPlayground-Info.plist */,
				E8B4B657189F713200CB68F4 /* InfoPlist.strings */,
				E8B4B65A189F713200CB68F4 /* main.m */,
				E8B4B65C189F713200CB68F4 /* NKPlayground-Prefix.pch */,
			);
			name = "Supporting Files";
			sourceTree = "<group>";
		};
		E8B4B66D189F713200CB68F4 /* NKPlaygroundTests */ = {
			isa = PBXGroup;
			children = (
				E8B4B673189F713200CB68F4 /* NKPlaygroundTests.m */,
				E8B4B66E189F713200CB68F4 /* Supporting Files */,
			);
			path = NKPlaygroundTests;
			sourceTree = "<group>";
		};
		E8B4B66E189F713200CB68F4 /* Supporting Files */ = {
			isa = PBXGroup;
			children = (
				E8B4B66F189F713200CB68F4 /* NKPlaygroundTests-Info.plist */,
				E8B4B670189F713200CB68F4 /* InfoPlist.strings */,
			);
			name = "Supporting Files";
			sourceTree = "<group>";
		};
/* End PBXGroup section */

/* Begin PBXNativeTarget section */
		E8B4B64A189F713200CB68F4 /* NKPlayground */ = {
			isa = PBXNativeTarget;
			buildConfigurationList = E8B4B677189F713200CB68F4 /* Build configuration list for PBXNativeTarget "NKPlayground" */;
			buildPhases = (
				E8B4B647189F713200CB68F4 /* Sources */,
				E8B4B648189F713200CB68F4 /* Frameworks */,
				E8B4B649189F713200CB68F4 /* Resources */,
			);
			buildRules = (
			);
			dependencies = (
			);
			name = NKPlayground;
			productName = NKPlayground;
			productReference = E8B4B64B189F713200CB68F4 /* NKPlayground.app */;
			productType = "com.apple.product-type.application";
		};
		E8B4B665189F713200CB68F4 /* NKPlaygroundTests */ = {
			isa = PBXNativeTarget;
			buildConfigurationList = E8B4B67A189F713200CB68F4 /* Build configuration list for PBXNativeTarget "NKPlaygroundTests" */;
			buildPhases = (
				E8B4B662189F713200CB68F4 /* Sources */,
				E8B4B663189F713200CB68F4 /* Frameworks */,
				E8B4B664189F713200CB68F4 /* Resources */,
			);
			buildRules = (
			);
			dependencies = (
				E8B4B66C189F713200CB68F4 /* PBXTargetDependency */,
			);
			name = NKPlaygroundTests;
			productName = NKPlaygroundTests;
			productReference = E8B4B666189F713200CB68F4 /* NKPlaygroundTests.xctest */;
			productType = "com.apple.product-type.bundle.unit-test";
		};
/* End PBXNativeTarget section */

/* Begin PBXProject section */
		E8B4B643189F713200CB68F4 /* Project object */ = {
			isa = PBXProject;
			attributes = {
				CLASSPREFIX = NK;
				LastUpgradeCheck = 0500;
				ORGANIZATIONNAME = neekey;
				TargetAttributes = {
					E8B4B665189F713200CB68F4 = {
						TestTargetID = E8B4B64A189F713200CB68F4;
					};
				};
			};
			buildConfigurationList = E8B4B646189F713200CB68F4 /* Build configuration list for PBXProject "NKPlayground" */;
			compatibilityVersion = "Xcode 3.2";
			developmentRegion = English;
			hasScannedForEncodings = 0;
			knownRegions = (
				en,
			);
			mainGroup = E8B4B642189F713200CB68F4;
			productRefGroup = E8B4B64C189F713200CB68F4 /* Products */;
			projectDirPath = "";
			projectRoot = "";
			targets = (
				E8B4B64A189F713200CB68F4 /* NKPlayground */,
				E8B4B665189F713200CB68F4 /* NKPlaygroundTests */,
			);
		};
/* End PBXProject section */

/* Begin PBXResourcesBuildPhase section */
		E8B4B649189F713200CB68F4 /* Resources */ = {
			isa = PBXResourcesBuildPhase;
			buildActionMask = 2147483647;
			files = (
				E8B4B659189F713200CB68F4 /* InfoPlist.strings in Resources */,
				E8B4B661189F713200CB68F4 /* Images.xcassets in Resources */,
			);
			runOnlyForDeploymentPostprocessing = 0;
		};
		E8B4B664189F713200CB68F4 /* Resources */ = {
			isa = PBXResourcesBuildPhase;
			buildActionMask = 2147483647;
			files = (
				E8B4B672189F713200CB68F4 /* InfoPlist.strings in Resources */,
			);
			runOnlyForDeploymentPostprocessing = 0;
		};
/* End PBXResourcesBuildPhase section */

/* Begin PBXSourcesBuildPhase section */
		E8B4B647189F713200CB68F4 /* Sources */ = {
			isa = PBXSourcesBuildPhase;
			buildActionMask = 2147483647;
			files = (
				E8B4B65B189F713200CB68F4 /* main.m in Sources */,
				E8B4B65F189F713200CB68F4 /* NKAppDelegate.m in Sources */,
			);
			runOnlyForDeploymentPostprocessing = 0;
		};
		E8B4B662189F713200CB68F4 /* Sources */ = {
			isa = PBXSourcesBuildPhase;
			buildActionMask = 2147483647;
			files = (
				E8B4B674189F713200CB68F4 /* NKPlaygroundTests.m in Sources */,
			);
			runOnlyForDeploymentPostprocessing = 0;
		};
/* End PBXSourcesBuildPhase section */

/* Begin PBXTargetDependency section */
		E8B4B66C189F713200CB68F4 /* PBXTargetDependency */ = {
			isa = PBXTargetDependency;
			target = E8B4B64A189F713200CB68F4 /* NKPlayground */;
			targetProxy = E8B4B66B189F713200CB68F4 /* PBXContainerItemProxy */;
		};
/* End PBXTargetDependency section */

/* Begin PBXVariantGroup section */
		E8B4B657189F713200CB68F4 /* InfoPlist.strings */ = {
			isa = PBXVariantGroup;
			children = (
				E8B4B658189F713200CB68F4 /* en */,
			);
			name = InfoPlist.strings;
			sourceTree = "<group>";
		};
		E8B4B670189F713200CB68F4 /* InfoPlist.strings */ = {
			isa = PBXVariantGroup;
			children = (
				E8B4B671189F713200CB68F4 /* en */,
			);
			name = InfoPlist.strings;
			sourceTree = "<group>";
		};
/* End PBXVariantGroup section */

/* Begin XCBuildConfiguration section */
		E8B4B675189F713200CB68F4 /* Debug */ = {
			isa = XCBuildConfiguration;
			buildSettings = {
				ALWAYS_SEARCH_USER_PATHS = NO;
				ARCHS = "$(ARCHS_STANDARD_INCLUDING_64_BIT)";
				CLANG_CXX_LANGUAGE_STANDARD = "gnu++0x";
				CLANG_CXX_LIBRARY = "libc++";
				CLANG_ENABLE_MODULES = YES;
				CLANG_ENABLE_OBJC_ARC = YES;
				CLANG_WARN_BOOL_CONVERSION = YES;
				CLANG_WARN_CONSTANT_CONVERSION = YES;
				CLANG_WARN_DIRECT_OBJC_ISA_USAGE = YES_ERROR;
				CLANG_WARN_EMPTY_BODY = YES;
				CLANG_WARN_ENUM_CONVERSION = YES;
				CLANG_WARN_INT_CONVERSION = YES;
				CLANG_WARN_OBJC_ROOT_CLASS = YES_ERROR;
				CLANG_WARN__DUPLICATE_METHOD_MATCH = YES;
				"CODE_SIGN_IDENTITY[sdk=iphoneos*]" = "iPhone Developer";
				COPY_PHASE_STRIP = NO;
				GCC_C_LANGUAGE_STANDARD = gnu99;
				GCC_DYNAMIC_NO_PIC = NO;
				GCC_OPTIMIZATION_LEVEL = 0;
				GCC_PREPROCESSOR_DEFINITIONS = (
					"DEBUG=1",
					"$(inherited)",
				);
				GCC_SYMBOLS_PRIVATE_EXTERN = NO;
				GCC_WARN_64_TO_32_BIT_CONVERSION = YES;
				GCC_WARN_ABOUT_RETURN_TYPE = YES_ERROR;
				GCC_WARN_UNDECLARED_SELECTOR = YES;
				GCC_WARN_UNINITIALIZED_AUTOS = YES;
				GCC_WARN_UNUSED_FUNCTION = YES;
				GCC_WARN_UNUSED_VARIABLE = YES;
				IPHONEOS_DEPLOYMENT_TARGET = 7.0;
				ONLY_ACTIVE_ARCH = YES;
				SDKROOT = iphoneos;
			};
			name = Debug;
		};
		E8B4B676189F713200CB68F4 /* Release */ = {
			isa = XCBuildConfiguration;
			buildSettings = {
				ALWAYS_SEARCH_USER_PATHS = NO;
				ARCHS = "$(ARCHS_STANDARD_INCLUDING_64_BIT)";
				CLANG_CXX_LANGUAGE_STANDARD = "gnu++0x";
				CLANG_CXX_LIBRARY = "libc++";
				CLANG_ENABLE_MODULES = YES;
				CLANG_ENABLE_OBJC_ARC = YES;
				CLANG_WARN_BOOL_CONVERSION = YES;
				CLANG_WARN_CONSTANT_CONVERSION = YES;
				CLANG_WARN_DIRECT_OBJC_ISA_USAGE = YES_ERROR;
				CLANG_WARN_EMPTY_BODY = YES;
				CLANG_WARN_ENUM_CONVERSION = YES;
				CLANG_WARN_INT_CONVERSION = YES;
				CLANG_WARN_OBJC_ROOT_CLASS = YES_ERROR;
				CLANG_WARN__DUPLICATE_METHOD_MATCH = YES;
				"CODE_SIGN_IDENTITY[sdk=iphoneos*]" = "iPhone Developer";
				COPY_PHASE_STRIP = YES;
				ENABLE_NS_ASSERTIONS = NO;
				GCC_C_LANGUAGE_STANDARD = gnu99;
				GCC_WARN_64_TO_32_BIT_CONVERSION = YES;
				GCC_WARN_ABOUT_RETURN_TYPE = YES_ERROR;
				GCC_WARN_UNDECLARED_SELECTOR = YES;
				GCC_WARN_UNINITIALIZED_AUTOS = YES;
				GCC_WARN_UNUSED_FUNCTION = YES;
				GCC_WARN_UNUSED_VARIABLE = YES;
				IPHONEOS_DEPLOYMENT_TARGET = 7.0;
				SDKROOT = iphoneos;
				VALIDATE_PRODUCT = YES;
			};
			name = Release;
		};
		E8B4B678189F713200CB68F4 /* Debug */ = {
			isa = XCBuildConfiguration;
			buildSettings = {
				ASSETCATALOG_COMPILER_APPICON_NAME = AppIcon;
				ASSETCATALOG_COMPILER_LAUNCHIMAGE_NAME = LaunchImage;
				GCC_PRECOMPILE_PREFIX_HEADER = YES;
				GCC_PREFIX_HEADER = "NKPlayground/NKPlayground-Prefix.pch";
				INFOPLIST_FILE = "NKPlayground/NKPlayground-Info.plist";
				PRODUCT_NAME = "$(TARGET_NAME)";
				WRAPPER_EXTENSION = app;
			};
			name = Debug;
		};
		E8B4B679189F713200CB68F4 /* Release */ = {
			isa = XCBuildConfiguration;
			buildSettings = {
				ASSETCATALOG_COMPILER_APPICON_NAME = AppIcon;
				ASSETCATALOG_COMPILER_LAUNCHIMAGE_NAME = LaunchImage;
				GCC_PRECOMPILE_PREFIX_HEADER = YES;
				GCC_PREFIX_HEADER = "NKPlayground/NKPlayground-Prefix.pch";
				INFOPLIST_FILE = "NKPlayground/NKPlayground-Info.plist";
				PRODUCT_NAME = "$(TARGET_NAME)";
				WRAPPER_EXTENSION = app;
			};
			name = Release;
		};
		E8B4B67B189F713200CB68F4 /* Debug */ = {
			isa = XCBuildConfiguration;
			buildSettings = {
				ARCHS = "$(ARCHS_STANDARD_INCLUDING_64_BIT)";
				BUNDLE_LOADER = "$(BUILT_PRODUCTS_DIR)/NKPlayground.app/NKPlayground";
				FRAMEWORK_SEARCH_PATHS = (
					"$(SDKROOT)/Developer/Library/Frameworks",
					"$(inherited)",
					"$(DEVELOPER_FRAMEWORKS_DIR)",
				);
				GCC_PRECOMPILE_PREFIX_HEADER = YES;
				GCC_PREFIX_HEADER = "NKPlayground/NKPlayground-Prefix.pch";
				GCC_PREPROCESSOR_DEFINITIONS = (
					"DEBUG=1",
					"$(inherited)",
				);
				INFOPLIST_FILE = "NKPlaygroundTests/NKPlaygroundTests-Info.plist";
				PRODUCT_NAME = "$(TARGET_NAME)";
				TEST_HOST = "$(BUNDLE_LOADER)";
				WRAPPER_EXTENSION = xctest;
			};
			name = Debug;
		};
		E8B4B67C189F713200CB68F4 /* Release */ = {
			isa = XCBuildConfiguration;
			buildSettings = {
				ARCHS = "$(ARCHS_STANDARD_INCLUDING_64_BIT)";
				BUNDLE_LOADER = "$(BUILT_PRODUCTS_DIR)/NKPlayground.app/NKPlayground";
				FRAMEWORK_SEARCH_PATHS = (
					"$(SDKROOT)/Developer/Library/Frameworks",
					"$(inherited)",
					"$(DEVELOPER_FRAMEWORKS_DIR)",
				);
				GCC_PRECOMPILE_PREFIX_HEADER = YES;
				GCC_PREFIX_HEADER = "NKPlayground/NKPlayground-Prefix.pch";
				INFOPLIST_FILE = "NKPlaygroundTests/NKPlaygroundTests-Info.plist";
				PRODUCT_NAME = "$(TARGET_NAME)";
				TEST_HOST = "$(BUNDLE_LOADER)";
				WRAPPER_EXTENSION = xctest;
			};
			name = Release;
		};
/* End XCBuildConfiguration section */

/* Begin XCConfigurationList section */
		E8B4B646189F713200CB68F4 /* Build configuration list for PBXProject "NKPlayground" */ = {
			isa = XCConfigurationList;
			buildConfigurations = (
				E8B4B675189F713200CB68F4 /* Debug */,
				E8B4B676189F713200CB68F4 /* Release */,
			);
			defaultConfigurationIsVisible = 0;
			defaultConfigurationName = Release;
		};
		E8B4B677189F713200CB68F4 /* Build configuration list for PBXNativeTarget "NKPlayground" */ = {
			isa = XCConfigurationList;
			buildConfigurations = (
				E8B4B678189F713200CB68F4 /* Debug */,
				E8B4B679189F713200CB68F4 /* Release */,
			);
			defaultConfigurationIsVisible = 0;
		};
		E8B4B67A189F713200CB68F4 /* Build configuration list for PBXNativeTarget "NKPlaygroundTests" */ = {
			isa = XCConfigurationList;
			buildConfigurations = (
				E8B4B67B189F713200CB68F4 /* Debug */,
				E8B4B67C189F713200CB68F4 /* Release */,
			);
			defaultConfigurationIsVisible = 0;
		};
/* End XCConfigurationList section */
	};
	rootObject = E8B4B643189F713200CB68F4 /* Project object */;
}
